
Microsoft Visual Studio Solution File, Format Version 12.00
# Visual Studio Version 16
VisualStudioVersion = 16.0.31702.278
MinimumVisualStudioVersion = 10.0.40219.1
Project("{FAE04EC0-301F-11D3-BF4B-00C04F79EFBC}") = "Fibonacci", "Fibonacci\Fibonacci.csproj", "{A3108277-8507-4BB6-BF48-01ACE0718EF9}"
EndProject
Global
	GlobalSection(SolutionConfigurationPlatforms) = preSolution
		Debug|Any CPU = Debug|Any CPU
		Release|Any CPU = Release|Any CPU
	EndGlobalSection
	GlobalSection(ProjectConfigurationPlatforms) = postSolution
		{A3108277-8507-4BB6-BF48-01ACE0718EF9}.Debug|Any CPU.ActiveCfg = Debug|Any CPU
		{A3108277-8507-4BB6-BF48-01ACE0718EF9}.Debug|Any CPU.Build.0 = Debug|Any CPU
		{A3108277-8507-4BB6-BF48-01ACE0718EF9}.Release|Any CPU.ActiveCfg = Release|Any CPU
		{A3108277-8507-4BB6-BF48-01ACE0718EF9}.Release|Any CPU.Build.0 = Release|Any CPU
	EndGlobalSection
	GlobalSection(SolutionProperties) = preSolution
		HideSolutionNode = FALSE
	EndGlobalSection
	GlobalSection(ExtensibilityGlobals) = postSolution
		SolutionGuid = {55E9B9D8-DFC7-4E4F-9A23-647494CD2200}
	EndGlobalSection
EndGlobal
